
Microsoft Visual Studio Solution File, Format Version 12.00
# Visual Studio 15
VisualStudioVersion = 15.0.26228.9
MinimumVisualStudioVersion = 10.0.40219.1
Project("{FAE04EC0-301F-11D3-BF4B-00C04F79EFBC}") = "RFGsServer", "RFGsServer\RFGsServer.csproj", "{9767846B-02C3-49E0-B26D-3817A7F6C90C}"
EndProject
Global
	GlobalSection(SolutionConfigurationPlatforms) = preSolution
		Debug|Any CPU = Debug|Any CPU
		Release|Any CPU = Release|Any CPU
	EndGlobalSection
	GlobalSection(ProjectConfigurationPlatforms) = postSolution
		{9767846B-02C3-49E0-B26D-3817A7F6C90C}.Debug|Any CPU.ActiveCfg = Debug|Any CPU
		{9767846B-02C3-49E0-B26D-3817A7F6C90C}.Debug|Any CPU.Build.0 = Debug|Any CPU
		{9767846B-02C3-49E0-B26D-3817A7F6C90C}.Release|Any CPU.ActiveCfg = Release|Any CPU
		{9767846B-02C3-49E0-B26D-3817A7F6C90C}.Release|Any CPU.Build.0 = Release|Any CPU
	EndGlobalSection
	GlobalSection(SolutionProperties) = preSolution
		HideSolutionNode = FALSE
	EndGlobalSection
EndGlobal
